
Microsoft Visual Studio Solution File, Format Version 12.00
# Visual Studio Version 16
VisualStudioVersion = 16.0.31112.23
MinimumVisualStudioVersion = 10.0.40219.1
Project("{FAE04EC0-301F-11D3-BF4B-00C04F79EFBC}") = "ZBC_OOP_JediTricks", "ZBC_OOP_JediTricks\ZBC_OOP_JediTricks.csproj", "{C3BF10E9-EDD0-452E-B8E0-5F2C1C9DAE7D}"
EndProject
Global
	GlobalSection(SolutionConfigurationPlatforms) = preSolution
		Debug|Any CPU = Debug|Any CPU
		Release|Any CPU = Release|Any CPU
	EndGlobalSection
	GlobalSection(ProjectConfigurationPlatforms) = postSolution
		{C3BF10E9-EDD0-452E-B8E0-5F2C1C9DAE7D}.Debug|Any CPU.ActiveCfg = Debug|Any CPU
		{C3BF10E9-EDD0-452E-B8E0-5F2C1C9DAE7D}.Debug|Any CPU.Build.0 = Debug|Any CPU
		{C3BF10E9-EDD0-452E-B8E0-5F2C1C9DAE7D}.Release|Any CPU.ActiveCfg = Release|Any CPU
		{C3BF10E9-EDD0-452E-B8E0-5F2C1C9DAE7D}.Release|Any CPU.Build.0 = Release|Any CPU
	EndGlobalSection
	GlobalSection(SolutionProperties) = preSolution
		HideSolutionNode = FALSE
	EndGlobalSection
	GlobalSection(ExtensibilityGlobals) = postSolution
		SolutionGuid = {E4F8CFC5-328C-42CA-BB8C-C34AD6473BA0}
	EndGlobalSection
EndGlobal
